
Microsoft Visual Studio Solution File, Format Version 12.00
# Visual Studio Version 17
VisualStudioVersion = 17.1.32319.34
MinimumVisualStudioVersion = 10.0.40219.1
Project("{FAE04EC0-301F-11D3-BF4B-00C04F79EFBC}") = "AssesmentDemoAutomation", "AssesmentDemoAutomation\AssesmentDemoAutomation.csproj", "{DA9AACB6-A007-46D1-B721-049BA8C4ACDA}"
EndProject
Project("{FAE04EC0-301F-11D3-BF4B-00C04F79EFBC}") = "Commons", "Commons\Commons.csproj", "{6E9D8C46-36C9-4108-BC14-271DA5C28CB4}"
EndProject
Global
	GlobalSection(SolutionConfigurationPlatforms) = preSolution
		Debug|Any CPU = Debug|Any CPU
		Release|Any CPU = Release|Any CPU
	EndGlobalSection
	GlobalSection(ProjectConfigurationPlatforms) = postSolution
		{DA9AACB6-A007-46D1-B721-049BA8C4ACDA}.Debug|Any CPU.ActiveCfg = Debug|Any CPU
		{DA9AACB6-A007-46D1-B721-049BA8C4ACDA}.Debug|Any CPU.Build.0 = Debug|Any CPU
		{DA9AACB6-A007-46D1-B721-049BA8C4ACDA}.Release|Any CPU.ActiveCfg = Release|Any CPU
		{DA9AACB6-A007-46D1-B721-049BA8C4ACDA}.Release|Any CPU.Build.0 = Release|Any CPU
		{6E9D8C46-36C9-4108-BC14-271DA5C28CB4}.Debug|Any CPU.ActiveCfg = Debug|Any CPU
		{6E9D8C46-36C9-4108-BC14-271DA5C28CB4}.Debug|Any CPU.Build.0 = Debug|Any CPU
		{6E9D8C46-36C9-4108-BC14-271DA5C28CB4}.Release|Any CPU.ActiveCfg = Release|Any CPU
		{6E9D8C46-36C9-4108-BC14-271DA5C28CB4}.Release|Any CPU.Build.0 = Release|Any CPU
	EndGlobalSection
	GlobalSection(SolutionProperties) = preSolution
		HideSolutionNode = FALSE
	EndGlobalSection
	GlobalSection(ExtensibilityGlobals) = postSolution
		SolutionGuid = {6F6EE541-1191-4E3A-95F1-0A202B69C1EB}
	EndGlobalSection
EndGlobal
